// !$*UTF8*$!
{
	archiveVersion = 1;
	classes = {
	};
	objectVersion = 50;
	objects = {

/* Begin PBXBuildFile section */
		A26B7E06254A3A1D007BB9E5 /* Spinning.swift in Sources */ = {isa = PBXBuildFile; fileRef = A26B7E05254A3A1D007BB9E5 /* Spinning.swift */; };
		A26B7E09254A428E007BB9E5 /* PaletteChooser.swift in Sources */ = {isa = PBXBuildFile; fileRef = A26B7E08254A428E007BB9E5 /* PaletteChooser.swift */; };
		A26B7E0E254A46EF007BB9E5 /* EmojiArtDocumentPalette.swift in Sources */ = {isa = PBXBuildFile; fileRef = A26B7E0D254A46EF007BB9E5 /* EmojiArtDocumentPalette.swift */; };
		A2782913254BF61600764753 /* EmojiArtDocumentStore.swift in Sources */ = {isa = PBXBuildFile; fileRef = A2782912254BF61600764753 /* EmojiArtDocumentStore.swift */; };
		A2782916254C010A00764753 /* EmojiArtDocumentChooser.swift in Sources */ = {isa = PBXBuildFile; fileRef = A2782915254C010A00764753 /* EmojiArtDocumentChooser.swift */; };
		A278293C254C1B7800764753 /* AppDelegate.swift in Sources */ = {isa = PBXBuildFile; fileRef = A278293A254C1B7800764753 /* AppDelegate.swift */; };
		A278293D254C1B7800764753 /* SceneDelegate.swift in Sources */ = {isa = PBXBuildFile; fileRef = A278293B254C1B7800764753 /* SceneDelegate.swift */; };
		A2782941254C304800764753 /* EditableText.swift in Sources */ = {isa = PBXBuildFile; fileRef = A2782940254C304800764753 /* EditableText.swift */; };
		A27C44A22548708A00AC36FA /* OptionalImage.swift in Sources */ = {isa = PBXBuildFile; fileRef = A27C44A12548708A00AC36FA /* OptionalImage.swift */; };
		A27C44A52548741700AC36FA /* AnimatableSystemFontModifier.swift in Sources */ = {isa = PBXBuildFile; fileRef = A27C44A42548741700AC36FA /* AnimatableSystemFontModifier.swift */; };
		A280069325477AF90051145E /* EmojiArtExtensions.swift in Sources */ = {isa = PBXBuildFile; fileRef = A280069225477AF90051145E /* EmojiArtExtensions.swift */; };
		A28A63D4254B67ED00C1BCBE /* GridLayout.swift in Sources */ = {isa = PBXBuildFile; fileRef = A28A63D2254B67EC00C1BCBE /* GridLayout.swift */; };
		A28A63D5254B67ED00C1BCBE /* Grid.swift in Sources */ = {isa = PBXBuildFile; fileRef = A28A63D3254B67ED00C1BCBE /* Grid.swift */; };
		A29F853125460A4E0015F053 /* EmojiArtDocumentView.swift in Sources */ = {isa = PBXBuildFile; fileRef = A29F853025460A4E0015F053 /* EmojiArtDocumentView.swift */; };
		A29F853325460A4F0015F053 /* Assets.xcassets in Resources */ = {isa = PBXBuildFile; fileRef = A29F853225460A4F0015F053 /* Assets.xcassets */; };
		A29F853625460A4F0015F053 /* Preview Assets.xcassets in Resources */ = {isa = PBXBuildFile; fileRef = A29F853525460A4F0015F053 /* Preview Assets.xcassets */; };
		A29F853F25460A870015F053 /* EmojiArtDocument.swift in Sources */ = {isa = PBXBuildFile; fileRef = A29F853E25460A870015F053 /* EmojiArtDocument.swift */; };
		A29F85432546110F0015F053 /* EmojiArt.swift in Sources */ = {isa = PBXBuildFile; fileRef = A29F85422546110F0015F053 /* EmojiArt.swift */; };
		A2BAF4C52552476400CDB006 /* ImagePicker.swift in Sources */ = {isa = PBXBuildFile; fileRef = A2BAF4C42552476400CDB006 /* ImagePicker.swift */; };
/* End PBXBuildFile section */

/* Begin PBXFileReference section */
		A26B7E05254A3A1D007BB9E5 /* Spinning.swift */ = {isa = PBXFileReference; lastKnownFileType = sourcecode.swift; path = Spinning.swift; sourceTree = "<group>"; };
		A26B7E08254A428E007BB9E5 /* PaletteChooser.swift */ = {isa = PBXFileReference; lastKnownFileType = sourcecode.swift; path = PaletteChooser.swift; sourceTree = "<group>"; };
		A26B7E0D254A46EF007BB9E5 /* EmojiArtDocumentPalette.swift */ = {isa = PBXFileReference; fileEncoding = 4; lastKnownFileType = sourcecode.swift; path = EmojiArtDocumentPalette.swift; sourceTree = "<group>"; };
		A2782912254BF61600764753 /* EmojiArtDocumentStore.swift */ = {isa = PBXFileReference; lastKnownFileType = sourcecode.swift; path = EmojiArtDocumentStore.swift; sourceTree = "<group>"; };
		A2782915254C010A00764753 /* EmojiArtDocumentChooser.swift */ = {isa = PBXFileReference; lastKnownFileType = sourcecode.swift; path = EmojiArtDocumentChooser.swift; sourceTree = "<group>"; };
		A278293A254C1B7800764753 /* AppDelegate.swift */ = {isa = PBXFileReference; fileEncoding = 4; lastKnownFileType = sourcecode.swift; path = AppDelegate.swift; sourceTree = "<group>"; };
		A278293B254C1B7800764753 /* SceneDelegate.swift */ = {isa = PBXFileReference; fileEncoding = 4; lastKnownFileType = sourcecode.swift; path = SceneDelegate.swift; sourceTree = "<group>"; };
		A2782940254C304800764753 /* EditableText.swift */ = {isa = PBXFileReference; lastKnownFileType = sourcecode.swift; path = EditableText.swift; sourceTree = "<group>"; };
		A27C44A12548708A00AC36FA /* OptionalImage.swift */ = {isa = PBXFileReference; lastKnownFileType = sourcecode.swift; path = OptionalImage.swift; sourceTree = "<group>"; };
		A27C44A42548741700AC36FA /* AnimatableSystemFontModifier.swift */ = {isa = PBXFileReference; lastKnownFileType = sourcecode.swift; path = AnimatableSystemFontModifier.swift; sourceTree = "<group>"; };
		A280069225477AF90051145E /* EmojiArtExtensions.swift */ = {isa = PBXFileReference; lastKnownFileType = sourcecode.swift; path = EmojiArtExtensions.swift; sourceTree = "<group>"; };
		A28A63D2254B67EC00C1BCBE /* GridLayout.swift */ = {isa = PBXFileReference; fileEncoding = 4; lastKnownFileType = sourcecode.swift; path = GridLayout.swift; sourceTree = "<group>"; };
		A28A63D3254B67ED00C1BCBE /* Grid.swift */ = {isa = PBXFileReference; fileEncoding = 4; lastKnownFileType = sourcecode.swift; path = Grid.swift; sourceTree = "<group>"; };
		A29F852B25460A4E0015F053 /* EmojiArt.app */ = {isa = PBXFileReference; explicitFileType = wrapper.application; includeInIndex = 0; path = EmojiArt.app; sourceTree = BUILT_PRODUCTS_DIR; };
		A29F853025460A4E0015F053 /* EmojiArtDocumentView.swift */ = {isa = PBXFileReference; lastKnownFileType = sourcecode.swift; path = EmojiArtDocumentView.swift; sourceTree = "<group>"; };
		A29F853225460A4F0015F053 /* Assets.xcassets */ = {isa = PBXFileReference; lastKnownFileType = folder.assetcatalog; path = Assets.xcassets; sourceTree = "<group>"; };
		A29F853525460A4F0015F053 /* Preview Assets.xcassets */ = {isa = PBXFileReference; lastKnownFileType = folder.assetcatalog; path = "Preview Assets.xcassets"; sourceTree = "<group>"; };
		A29F853725460A4F0015F053 /* Info.plist */ = {isa = PBXFileReference; lastKnownFileType = text.plist.xml; path = Info.plist; sourceTree = "<group>"; };
		A29F853E25460A870015F053 /* EmojiArtDocument.swift */ = {isa = PBXFileReference; lastKnownFileType = sourcecode.swift; path = EmojiArtDocument.swift; sourceTree = "<group>"; };
		A29F85422546110F0015F053 /* EmojiArt.swift */ = {isa = PBXFileReference; lastKnownFileType = sourcecode.swift; path = EmojiArt.swift; sourceTree = "<group>"; };
		A2BAF4C42552476400CDB006 /* ImagePicker.swift */ = {isa = PBXFileReference; lastKnownFileType = sourcecode.swift; path = ImagePicker.swift; sourceTree = "<group>"; };
/* End PBXFileReference section */

/* Begin PBXFrameworksBuildPhase section */
		A29F852825460A4E0015F053 /* Frameworks */ = {
			isa = PBXFrameworksBuildPhase;
			buildActionMask = 2147483647;
			files = (
			);
			runOnlyForDeploymentPostprocessing = 0;
		};
/* End PBXFrameworksBuildPhase section */

/* Begin PBXGroup section */
		A29F852225460A4E0015F053 = {
			isa = PBXGroup;
			children = (
				A29F852D25460A4E0015F053 /* EmojiArt */,
				A29F852C25460A4E0015F053 /* Products */,
			);
			sourceTree = "<group>";
		};
		A29F852C25460A4E0015F053 /* Products */ = {
			isa = PBXGroup;
			children = (
				A29F852B25460A4E0015F053 /* EmojiArt.app */,
			);
			name = Products;
			sourceTree = "<group>";
		};
		A29F852D25460A4E0015F053 /* EmojiArt */ = {
			isa = PBXGroup;
			children = (
				A278293A254C1B7800764753 /* AppDelegate.swift */,
				A278293B254C1B7800764753 /* SceneDelegate.swift */,
				A29F853025460A4E0015F053 /* EmojiArtDocumentView.swift */,
				A26B7E0D254A46EF007BB9E5 /* EmojiArtDocumentPalette.swift */,
				A2BAF4C42552476400CDB006 /* ImagePicker.swift */,
				A26B7E05254A3A1D007BB9E5 /* Spinning.swift */,
				A27C44A12548708A00AC36FA /* OptionalImage.swift */,
				A29F85422546110F0015F053 /* EmojiArt.swift */,
				A29F853E25460A870015F053 /* EmojiArtDocument.swift */,
				A26B7E08254A428E007BB9E5 /* PaletteChooser.swift */,
				A27C44A42548741700AC36FA /* AnimatableSystemFontModifier.swift */,
				A280069225477AF90051145E /* EmojiArtExtensions.swift */,
				A28A63D3254B67ED00C1BCBE /* Grid.swift */,
				A28A63D2254B67EC00C1BCBE /* GridLayout.swift */,
				A2782912254BF61600764753 /* EmojiArtDocumentStore.swift */,
				A2782915254C010A00764753 /* EmojiArtDocumentChooser.swift */,
				A2782940254C304800764753 /* EditableText.swift */,
				A29F853225460A4F0015F053 /* Assets.xcassets */,
				A29F853725460A4F0015F053 /* Info.plist */,
				A29F853425460A4F0015F053 /* Preview Content */,
			);
			path = EmojiArt;
			sourceTree = "<group>";
		};
		A29F853425460A4F0015F053 /* Preview Content */ = {
			isa = PBXGroup;
			children = (
				A29F853525460A4F0015F053 /* Preview Assets.xcassets */,
			);
			path = "Preview Content";
			sourceTree = "<group>";
		};
/* End PBXGroup section */

/* Begin PBXNativeTarget section */
		A29F852A25460A4E0015F053 /* EmojiArt */ = {
			isa = PBXNativeTarget;
			buildConfigurationList = A29F853A25460A4F0015F053 /* Build configuration list for PBXNativeTarget "EmojiArt" */;
			buildPhases = (
				A29F852725460A4E0015F053 /* Sources */,
				A29F852825460A4E0015F053 /* Frameworks */,
				A29F852925460A4E0015F053 /* Resources */,
			);
			buildRules = (
			);
			dependencies = (
			);
			name = EmojiArt;
			productName = EmojiArt;
			productReference = A29F852B25460A4E0015F053 /* EmojiArt.app */;
			productType = "com.apple.product-type.application";
		};
/* End PBXNativeTarget section */

/* Begin PBXProject section */
		A29F852325460A4E0015F053 /* Project object */ = {
			isa = PBXProject;
			attributes = {
				LastSwiftUpdateCheck = 1200;
				LastUpgradeCheck = 1200;
				TargetAttributes = {
					A29F852A25460A4E0015F053 = {
						CreatedOnToolsVersion = 12.0.1;
					};
				};
			};
			buildConfigurationList = A29F852625460A4E0015F053 /* Build configuration list for PBXProject "EmojiArt" */;
			compatibilityVersion = "Xcode 9.3";
			developmentRegion = en;
			hasScannedForEncodings = 0;
			knownRegions = (
				en,
				Base,
			);
			mainGroup = A29F852225460A4E0015F053;
			productRefGroup = A29F852C25460A4E0015F053 /* Products */;
			projectDirPath = "";
			projectRoot = "";
			targets = (
				A29F852A25460A4E0015F053 /* EmojiArt */,
			);
		};
/* End PBXProject section */

/* Begin PBXResourcesBuildPhase section */
		A29F852925460A4E0015F053 /* Resources */ = {
			isa = PBXResourcesBuildPhase;
			buildActionMask = 2147483647;
			files = (
				A29F853625460A4F0015F053 /* Preview Assets.xcassets in Resources */,
				A29F853325460A4F0015F053 /* Assets.xcassets in Resources */,
			);
			runOnlyForDeploymentPostprocessing = 0;
		};
/* End PBXResourcesBuildPhase section */

/* Begin PBXSourcesBuildPhase section */
		A29F852725460A4E0015F053 /* Sources */ = {
			isa = PBXSourcesBuildPhase;
			buildActionMask = 2147483647;
			files = (
				A27C44A52548741700AC36FA /* AnimatableSystemFontModifier.swift in Sources */,
				A29F85432546110F0015F053 /* EmojiArt.swift in Sources */,
				A280069325477AF90051145E /* EmojiArtExtensions.swift in Sources */,
				A2BAF4C52552476400CDB006 /* ImagePicker.swift in Sources */,
				A278293C254C1B7800764753 /* AppDelegate.swift in Sources */,
				A26B7E09254A428E007BB9E5 /* PaletteChooser.swift in Sources */,
				A29F853125460A4E0015F053 /* EmojiArtDocumentView.swift in Sources */,
				A26B7E0E254A46EF007BB9E5 /* EmojiArtDocumentPalette.swift in Sources */,
				A278293D254C1B7800764753 /* SceneDelegate.swift in Sources */,
				A27C44A22548708A00AC36FA /* OptionalImage.swift in Sources */,
				A29F853F25460A870015F053 /* EmojiArtDocument.swift in Sources */,
				A2782916254C010A00764753 /* EmojiArtDocumentChooser.swift in Sources */,
				A2782913254BF61600764753 /* EmojiArtDocumentStore.swift in Sources */,
				A2782941254C304800764753 /* EditableText.swift in Sources */,
				A26B7E06254A3A1D007BB9E5 /* Spinning.swift in Sources */,
				A28A63D4254B67ED00C1BCBE /* GridLayout.swift in Sources */,
				A28A63D5254B67ED00C1BCBE /* Grid.swift in Sources */,
			);
			runOnlyForDeploymentPostprocessing = 0;
		};
/* End PBXSourcesBuildPhase section */

/* Begin XCBuildConfiguration section */
		A29F853825460A4F0015F053 /* Debug */ = {
			isa = XCBuildConfiguration;
			buildSettings = {
				ALWAYS_SEARCH_USER_PATHS = NO;
				CLANG_ANALYZER_NONNULL = YES;
				CLANG_ANALYZER_NUMBER_OBJECT_CONVERSION = YES_AGGRESSIVE;
				CLANG_CXX_LANGUAGE_STANDARD = "gnu++14";
				CLANG_CXX_LIBRARY = "libc++";
				CLANG_ENABLE_MODULES = YES;
				CLANG_ENABLE_OBJC_ARC = YES;
				CLANG_ENABLE_OBJC_WEAK = YES;
				CLANG_WARN_BLOCK_CAPTURE_AUTORELEASING = YES;
				CLANG_WARN_BOOL_CONVERSION = YES;
				CLANG_WARN_COMMA = YES;
				CLANG_WARN_CONSTANT_CONVERSION = YES;
				CLANG_WARN_DEPRECATED_OBJC_IMPLEMENTATIONS = YES;
				CLANG_WARN_DIRECT_OBJC_ISA_USAGE = YES_ERROR;
				CLANG_WARN_DOCUMENTATION_COMMENTS = YES;
				CLANG_WARN_EMPTY_BODY = YES;
				CLANG_WARN_ENUM_CONVERSION = YES;
				CLANG_WARN_INFINITE_RECURSION = YES;
				CLANG_WARN_INT_CONVERSION = YES;
				CLANG_WARN_NON_LITERAL_NULL_CONVERSION = YES;
				CLANG_WARN_OBJC_IMPLICIT_RETAIN_SELF = YES;
				CLANG_WARN_OBJC_LITERAL_CONVERSION = YES;
				CLANG_WARN_OBJC_ROOT_CLASS = YES_ERROR;
				CLANG_WARN_QUOTED_INCLUDE_IN_FRAMEWORK_HEADER = YES;
				CLANG_WARN_RANGE_LOOP_ANALYSIS = YES;
				CLANG_WARN_STRICT_PROTOTYPES = YES;
				CLANG_WARN_SUSPICIOUS_MOVE = YES;
				CLANG_WARN_UNGUARDED_AVAILABILITY = YES_AGGRESSIVE;
				CLANG_WARN_UNREACHABLE_CODE = YES;
				CLANG_WARN__DUPLICATE_METHOD_MATCH = YES;
				COPY_PHASE_STRIP = NO;
				DEBUG_INFORMATION_FORMAT = dwarf;
				ENABLE_STRICT_OBJC_MSGSEND = YES;
				ENABLE_TESTABILITY = YES;
				GCC_C_LANGUAGE_STANDARD = gnu11;
				GCC_DYNAMIC_NO_PIC = NO;
				GCC_NO_COMMON_BLOCKS = YES;
				GCC_OPTIMIZATION_LEVEL = 0;
				GCC_PREPROCESSOR_DEFINITIONS = (
					"DEBUG=1",
					"$(inherited)",
				);
				GCC_WARN_64_TO_32_BIT_CONVERSION = YES;
				GCC_WARN_ABOUT_RETURN_TYPE = YES_ERROR;
				GCC_WARN_UNDECLARED_SELECTOR = YES;
				GCC_WARN_UNINITIALIZED_AUTOS = YES_AGGRESSIVE;
				GCC_WARN_UNUSED_FUNCTION = YES;
				GCC_WARN_UNUSED_VARIABLE = YES;
				IPHONEOS_DEPLOYMENT_TARGET = 14.0;
				MTL_ENABLE_DEBUG_INFO = INCLUDE_SOURCE;
				MTL_FAST_MATH = YES;
				ONLY_ACTIVE_ARCH = YES;
				SDKROOT = iphoneos;
				SWIFT_ACTIVE_COMPILATION_CONDITIONS = DEBUG;
				SWIFT_OPTIMIZATION_LEVEL = "-Onone";
			};
			name = Debug;
		};
		A29F853925460A4F0015F053 /* Release */ = {
			isa = XCBuildConfiguration;
			buildSettings = {
				ALWAYS_SEARCH_USER_PATHS = NO;
				CLANG_ANALYZER_NONNULL = YES;
				CLANG_ANALYZER_NUMBER_OBJECT_CONVERSION = YES_AGGRESSIVE;
				CLANG_CXX_LANGUAGE_STANDARD = "gnu++14";
				CLANG_CXX_LIBRARY = "libc++";
				CLANG_ENABLE_MODULES = YES;
				CLANG_ENABLE_OBJC_ARC = YES;
				CLANG_ENABLE_OBJC_WEAK = YES;
				CLANG_WARN_BLOCK_CAPTURE_AUTORELEASING = YES;
				CLANG_WARN_BOOL_CONVERSION = YES;
				CLANG_WARN_COMMA = YES;
				CLANG_WARN_CONSTANT_CONVERSION = YES;
				CLANG_WARN_DEPRECATED_OBJC_IMPLEMENTATIONS = YES;
				CLANG_WARN_DIRECT_OBJC_ISA_USAGE = YES_ERROR;
				CLANG_WARN_DOCUMENTATION_COMMENTS = YES;
				CLANG_WARN_EMPTY_BODY = YES;
				CLANG_WARN_ENUM_CONVERSION = YES;
				CLANG_WARN_INFINITE_RECURSION = YES;
				CLANG_WARN_INT_CONVERSION = YES;
				CLANG_WARN_NON_LITERAL_NULL_CONVERSION = YES;
				CLANG_WARN_OBJC_IMPLICIT_RETAIN_SELF = YES;
				CLANG_WARN_OBJC_LITERAL_CONVERSION = YES;
				CLANG_WARN_OBJC_ROOT_CLASS = YES_ERROR;
				CLANG_WARN_QUOTED_INCLUDE_IN_FRAMEWORK_HEADER = YES;
				CLANG_WARN_RANGE_LOOP_ANALYSIS = YES;
				CLANG_WARN_STRICT_PROTOTYPES = YES;
				CLANG_WARN_SUSPICIOUS_MOVE = YES;
				CLANG_WARN_UNGUARDED_AVAILABILITY = YES_AGGRESSIVE;
				CLANG_WARN_UNREACHABLE_CODE = YES;
				CLANG_WARN__DUPLICATE_METHOD_MATCH = YES;
				COPY_PHASE_STRIP = NO;
				DEBUG_INFORMATION_FORMAT = "dwarf-with-dsym";
				ENABLE_NS_ASSERTIONS = NO;
				ENABLE_STRICT_OBJC_MSGSEND = YES;
				GCC_C_LANGUAGE_STANDARD = gnu11;
				GCC_NO_COMMON_BLOCKS = YES;
				GCC_WARN_64_TO_32_BIT_CONVERSION = YES;
				GCC_WARN_ABOUT_RETURN_TYPE = YES_ERROR;
				GCC_WARN_UNDECLARED_SELECTOR = YES;
				GCC_WARN_UNINITIALIZED_AUTOS = YES_AGGRESSIVE;
				GCC_WARN_UNUSED_FUNCTION = YES;
				GCC_WARN_UNUSED_VARIABLE = YES;
				IPHONEOS_DEPLOYMENT_TARGET = 14.0;
				MTL_ENABLE_DEBUG_INFO = NO;
				MTL_FAST_MATH = YES;
				SDKROOT = iphoneos;
				SWIFT_COMPILATION_MODE = wholemodule;
				SWIFT_OPTIMIZATION_LEVEL = "-O";
				VALIDATE_PRODUCT = YES;
			};
			name = Release;
		};
		A29F853B25460A4F0015F053 /* Debug */ = {
			isa = XCBuildConfiguration;
			buildSettings = {
				ASSETCATALOG_COMPILER_APPICON_NAME = AppIcon;
				ASSETCATALOG_COMPILER_GLOBAL_ACCENT_COLOR_NAME = AccentColor;
				CODE_SIGN_STYLE = Automatic;
				DEVELOPMENT_ASSET_PATHS = "\"EmojiArt/Preview Content\"";
				DEVELOPMENT_TEAM = HCYK33GWAM;
				ENABLE_PREVIEWS = YES;
				INFOPLIST_FILE = EmojiArt/Info.plist;
				IPHONEOS_DEPLOYMENT_TARGET = 14.0;
				LD_RUNPATH_SEARCH_PATHS = (
					"$(inherited)",
					"@executable_path/Frameworks",
				);
				PRODUCT_BUNDLE_IDENTIFIER = Darko.EmojiArt;
				PRODUCT_NAME = "$(TARGET_NAME)";
				SWIFT_VERSION = 5.0;
				TARGETED_DEVICE_FAMILY = "1,2";
			};
			name = Debug;
		};
		A29F853C25460A4F0015F053 /* Release */ = {
			isa = XCBuildConfiguration;
			buildSettings = {
				ASSETCATALOG_COMPILER_APPICON_NAME = AppIcon;
				ASSETCATALOG_COMPILER_GLOBAL_ACCENT_COLOR_NAME = AccentColor;
				CODE_SIGN_STYLE = Automatic;
				DEVELOPMENT_ASSET_PATHS = "\"EmojiArt/Preview Content\"";
				DEVELOPMENT_TEAM = HCYK33GWAM;
				ENABLE_PREVIEWS = YES;
				INFOPLIST_FILE = EmojiArt/Info.plist;
				IPHONEOS_DEPLOYMENT_TARGET = 14.0;
				LD_RUNPATH_SEARCH_PATHS = (
					"$(inherited)",
					"@executable_path/Frameworks",
				);
				PRODUCT_BUNDLE_IDENTIFIER = Darko.EmojiArt;
				PRODUCT_NAME = "$(TARGET_NAME)";
				SWIFT_VERSION = 5.0;
				TARGETED_DEVICE_FAMILY = "1,2";
			};
			name = Release;
		};
/* End XCBuildConfiguration section */

/* Begin XCConfigurationList section */
		A29F852625460A4E0015F053 /* Build configuration list for PBXProject "EmojiArt" */ = {
			isa = XCConfigurationList;
			buildConfigurations = (
				A29F853825460A4F0015F053 /* Debug */,
				A29F853925460A4F0015F053 /* Release */,
			);
			defaultConfigurationIsVisible = 0;
			defaultConfigurationName = Release;
		};
		A29F853A25460A4F0015F053 /* Build configuration list for PBXNativeTarget "EmojiArt" */ = {
			isa = XCConfigurationList;
			buildConfigurations = (
				A29F853B25460A4F0015F053 /* Debug */,
				A29F853C25460A4F0015F053 /* Release */,
			);
			defaultConfigurationIsVisible = 0;
			defaultConfigurationName = Release;
		};
/* End XCConfigurationList section */
	};
	rootObject = A29F852325460A4E0015F053 /* Project object */;
}
